
Microsoft Visual Studio Solution File, Format Version 12.00
Project("{FAE04EC0-301F-11D3-BF4B-00C04F79EFBC}") = "PlantIsland.Core", "PlantIsland.Core\PlantIsland.Core.csproj", "{59D37B9B-A4F5-448C-BFF7-5456D602CD82}"
EndProject
Global
	GlobalSection(SolutionConfigurationPlatforms) = preSolution
		Debug|Any CPU = Debug|Any CPU
		Release|Any CPU = Release|Any CPU
	EndGlobalSection
	GlobalSection(ProjectConfigurationPlatforms) = postSolution
		{59D37B9B-A4F5-448C-BFF7-5456D602CD82}.Debug|Any CPU.ActiveCfg = Debug|Any CPU
		{59D37B9B-A4F5-448C-BFF7-5456D602CD82}.Debug|Any CPU.Build.0 = Debug|Any CPU
		{59D37B9B-A4F5-448C-BFF7-5456D602CD82}.Release|Any CPU.ActiveCfg = Release|Any CPU
		{59D37B9B-A4F5-448C-BFF7-5456D602CD82}.Release|Any CPU.Build.0 = Release|Any CPU
	EndGlobalSection
EndGlobal
